// !$*UTF8*$!
{
	archiveVersion = 1;
	classes = {
	};
	objectVersion = 46;
	objects = {

/* Begin PBXBuildFile section */
		32099CBE1E8DA2990001F5C0 /* AppDelegate.swift in Sources */ = {isa = PBXBuildFile; fileRef = 32099CBD1E8DA2990001F5C0 /* AppDelegate.swift */; };
		32099CC01E8DA2990001F5C0 /* ViewController.swift in Sources */ = {isa = PBXBuildFile; fileRef = 32099CBF1E8DA2990001F5C0 /* ViewController.swift */; };
		32099CC31E8DA2990001F5C0 /* Main.storyboard in Resources */ = {isa = PBXBuildFile; fileRef = 32099CC11E8DA2990001F5C0 /* Main.storyboard */; };
		32099CC61E8DA2990001F5C0 /* myFaultReporter.xcdatamodeld in Sources */ = {isa = PBXBuildFile; fileRef = 32099CC41E8DA2990001F5C0 /* myFaultReporter.xcdatamodeld */; };
		32099CC81E8DA2990001F5C0 /* Assets.xcassets in Resources */ = {isa = PBXBuildFile; fileRef = 32099CC71E8DA2990001F5C0 /* Assets.xcassets */; };
		32099CCB1E8DA2990001F5C0 /* LaunchScreen.storyboard in Resources */ = {isa = PBXBuildFile; fileRef = 32099CC91E8DA2990001F5C0 /* LaunchScreen.storyboard */; };
		32099CD61E8DA29A0001F5C0 /* myFaultReporterTests.swift in Sources */ = {isa = PBXBuildFile; fileRef = 32099CD51E8DA29A0001F5C0 /* myFaultReporterTests.swift */; };
		32099CE11E8DA29A0001F5C0 /* myFaultReporterUITests.swift in Sources */ = {isa = PBXBuildFile; fileRef = 32099CE01E8DA29A0001F5C0 /* myFaultReporterUITests.swift */; };
/* End PBXBuildFile section */

/* Begin PBXContainerItemProxy section */
		32099CD21E8DA29A0001F5C0 /* PBXContainerItemProxy */ = {
			isa = PBXContainerItemProxy;
			containerPortal = 32099CB21E8DA2990001F5C0 /* Project object */;
			proxyType = 1;
			remoteGlobalIDString = 32099CB91E8DA2990001F5C0;
			remoteInfo = myFaultReporter;
		};
		32099CDD1E8DA29A0001F5C0 /* PBXContainerItemProxy */ = {
			isa = PBXContainerItemProxy;
			containerPortal = 32099CB21E8DA2990001F5C0 /* Project object */;
			proxyType = 1;
			remoteGlobalIDString = 32099CB91E8DA2990001F5C0;
			remoteInfo = myFaultReporter;
		};
/* End PBXContainerItemProxy section */

/* Begin PBXFileReference section */
		32099CBA1E8DA2990001F5C0 /* myFaultReporter.app */ = {isa = PBXFileReference; explicitFileType = wrapper.application; includeInIndex = 0; path = myFaultReporter.app; sourceTree = BUILT_PRODUCTS_DIR; };
		32099CBD1E8DA2990001F5C0 /* AppDelegate.swift */ = {isa = PBXFileReference; lastKnownFileType = sourcecode.swift; path = AppDelegate.swift; sourceTree = "<group>"; };
		32099CBF1E8DA2990001F5C0 /* ViewController.swift */ = {isa = PBXFileReference; lastKnownFileType = sourcecode.swift; path = ViewController.swift; sourceTree = "<group>"; };
		32099CC21E8DA2990001F5C0 /* Base */ = {isa = PBXFileReference; lastKnownFileType = file.storyboard; name = Base; path = Base.lproj/Main.storyboard; sourceTree = "<group>"; };
		32099CC51E8DA2990001F5C0 /* myFaultReporter.xcdatamodel */ = {isa = PBXFileReference; lastKnownFileType = wrapper.xcdatamodel; path = myFaultReporter.xcdatamodel; sourceTree = "<group>"; };
		32099CC71E8DA2990001F5C0 /* Assets.xcassets */ = {isa = PBXFileReference; lastKnownFileType = folder.assetcatalog; path = Assets.xcassets; sourceTree = "<group>"; };
		32099CCA1E8DA2990001F5C0 /* Base */ = {isa = PBXFileReference; lastKnownFileType = file.storyboard; name = Base; path = Base.lproj/LaunchScreen.storyboard; sourceTree = "<group>"; };
		32099CCC1E8DA2990001F5C0 /* Info.plist */ = {isa = PBXFileReference; lastKnownFileType = text.plist.xml; path = Info.plist; sourceTree = "<group>"; };
		32099CD11E8DA29A0001F5C0 /* myFaultReporterTests.xctest */ = {isa = PBXFileReference; explicitFileType = wrapper.cfbundle; includeInIndex = 0; path = myFaultReporterTests.xctest; sourceTree = BUILT_PRODUCTS_DIR; };
		32099CD51E8DA29A0001F5C0 /* myFaultReporterTests.swift */ = {isa = PBXFileReference; lastKnownFileType = sourcecode.swift; path = myFaultReporterTests.swift; sourceTree = "<group>"; };
		32099CD71E8DA29A0001F5C0 /* Info.plist */ = {isa = PBXFileReference; lastKnownFileType = text.plist.xml; path = Info.plist; sourceTree = "<group>"; };
		32099CDC1E8DA29A0001F5C0 /* myFaultReporterUITests.xctest */ = {isa = PBXFileReference; explicitFileType = wrapper.cfbundle; includeInIndex = 0; path = myFaultReporterUITests.xctest; sourceTree = BUILT_PRODUCTS_DIR; };
		32099CE01E8DA29A0001F5C0 /* myFaultReporterUITests.swift */ = {isa = PBXFileReference; lastKnownFileType = sourcecode.swift; path = myFaultReporterUITests.swift; sourceTree = "<group>"; };
		32099CE21E8DA29A0001F5C0 /* Info.plist */ = {isa = PBXFileReference; lastKnownFileType = text.plist.xml; path = Info.plist; sourceTree = "<group>"; };
/* End PBXFileReference section */

/* Begin PBXFrameworksBuildPhase section */
		32099CB71E8DA2990001F5C0 /* Frameworks */ = {
			isa = PBXFrameworksBuildPhase;
			buildActionMask = 2147483647;
			files = (
			);
			runOnlyForDeploymentPostprocessing = 0;
		};
		32099CCE1E8DA29A0001F5C0 /* Frameworks */ = {
			isa = PBXFrameworksBuildPhase;
			buildActionMask = 2147483647;
			files = (
			);
			runOnlyForDeploymentPostprocessing = 0;
		};
		32099CD91E8DA29A0001F5C0 /* Frameworks */ = {
			isa = PBXFrameworksBuildPhase;
			buildActionMask = 2147483647;
			files = (
			);
			runOnlyForDeploymentPostprocessing = 0;
		};
/* End PBXFrameworksBuildPhase section */

/* Begin PBXGroup section */
		32099CB11E8DA2990001F5C0 = {
			isa = PBXGroup;
			children = (
				32099CBC1E8DA2990001F5C0 /* myFaultReporter */,
				32099CD41E8DA29A0001F5C0 /* myFaultReporterTests */,
				32099CDF1E8DA29A0001F5C0 /* myFaultReporterUITests */,
				32099CBB1E8DA2990001F5C0 /* Products */,
			);
			sourceTree = "<group>";
		};
		32099CBB1E8DA2990001F5C0 /* Products */ = {
			isa = PBXGroup;
			children = (
				32099CBA1E8DA2990001F5C0 /* myFaultReporter.app */,
				32099CD11E8DA29A0001F5C0 /* myFaultReporterTests.xctest */,
				32099CDC1E8DA29A0001F5C0 /* myFaultReporterUITests.xctest */,
			);
			name = Products;
			sourceTree = "<group>";
		};
		32099CBC1E8DA2990001F5C0 /* myFaultReporter */ = {
			isa = PBXGroup;
			children = (
				32099CBD1E8DA2990001F5C0 /* AppDelegate.swift */,
				32099CBF1E8DA2990001F5C0 /* ViewController.swift */,
				32099CC11E8DA2990001F5C0 /* Main.storyboard */,
				32099CC71E8DA2990001F5C0 /* Assets.xcassets */,
				32099CC91E8DA2990001F5C0 /* LaunchScreen.storyboard */,
				32099CCC1E8DA2990001F5C0 /* Info.plist */,
				32099CC41E8DA2990001F5C0 /* myFaultReporter.xcdatamodeld */,
			);
			path = myFaultReporter;
			sourceTree = "<group>";
		};
		32099CD41E8DA29A0001F5C0 /* myFaultReporterTests */ = {
			isa = PBXGroup;
			children = (
				32099CD51E8DA29A0001F5C0 /* myFaultReporterTests.swift */,
				32099CD71E8DA29A0001F5C0 /* Info.plist */,
			);
			path = myFaultReporterTests;
			sourceTree = "<group>";
		};
		32099CDF1E8DA29A0001F5C0 /* myFaultReporterUITests */ = {
			isa = PBXGroup;
			children = (
				32099CE01E8DA29A0001F5C0 /* myFaultReporterUITests.swift */,
				32099CE21E8DA29A0001F5C0 /* Info.plist */,
			);
			path = myFaultReporterUITests;
			sourceTree = "<group>";
		};
/* End PBXGroup section */

/* Begin PBXNativeTarget section */
		32099CB91E8DA2990001F5C0 /* myFaultReporter */ = {
			isa = PBXNativeTarget;
			buildConfigurationList = 32099CE51E8DA29A0001F5C0 /* Build configuration list for PBXNativeTarget "myFaultReporter" */;
			buildPhases = (
				32099CB61E8DA2990001F5C0 /* Sources */,
				32099CB71E8DA2990001F5C0 /* Frameworks */,
				32099CB81E8DA2990001F5C0 /* Resources */,
			);
			buildRules = (
			);
			dependencies = (
			);
			name = myFaultReporter;
			productName = myFaultReporter;
			productReference = 32099CBA1E8DA2990001F5C0 /* myFaultReporter.app */;
			productType = "com.apple.product-type.application";
		};
		32099CD01E8DA29A0001F5C0 /* myFaultReporterTests */ = {
			isa = PBXNativeTarget;
			buildConfigurationList = 32099CE81E8DA29A0001F5C0 /* Build configuration list for PBXNativeTarget "myFaultReporterTests" */;
			buildPhases = (
				32099CCD1E8DA29A0001F5C0 /* Sources */,
				32099CCE1E8DA29A0001F5C0 /* Frameworks */,
				32099CCF1E8DA29A0001F5C0 /* Resources */,
			);
			buildRules = (
			);
			dependencies = (
				32099CD31E8DA29A0001F5C0 /* PBXTargetDependency */,
			);
			name = myFaultReporterTests;
			productName = myFaultReporterTests;
			productReference = 32099CD11E8DA29A0001F5C0 /* myFaultReporterTests.xctest */;
			productType = "com.apple.product-type.bundle.unit-test";
		};
		32099CDB1E8DA29A0001F5C0 /* myFaultReporterUITests */ = {
			isa = PBXNativeTarget;
			buildConfigurationList = 32099CEB1E8DA29A0001F5C0 /* Build configuration list for PBXNativeTarget "myFaultReporterUITests" */;
			buildPhases = (
				32099CD81E8DA29A0001F5C0 /* Sources */,
				32099CD91E8DA29A0001F5C0 /* Frameworks */,
				32099CDA1E8DA29A0001F5C0 /* Resources */,
			);
			buildRules = (
			);
			dependencies = (
				32099CDE1E8DA29A0001F5C0 /* PBXTargetDependency */,
			);
			name = myFaultReporterUITests;
			productName = myFaultReporterUITests;
			productReference = 32099CDC1E8DA29A0001F5C0 /* myFaultReporterUITests.xctest */;
			productType = "com.apple.product-type.bundle.ui-testing";
		};
/* End PBXNativeTarget section */

/* Begin PBXProject section */
		32099CB21E8DA2990001F5C0 /* Project object */ = {
			isa = PBXProject;
			attributes = {
				LastSwiftUpdateCheck = 0820;
				LastUpgradeCheck = 0820;
				ORGANIZATIONNAME = HiddenPlatform;
				TargetAttributes = {
					32099CB91E8DA2990001F5C0 = {
						CreatedOnToolsVersion = 8.2.1;
						ProvisioningStyle = Automatic;
					};
					32099CD01E8DA29A0001F5C0 = {
						CreatedOnToolsVersion = 8.2.1;
						ProvisioningStyle = Automatic;
						TestTargetID = 32099CB91E8DA2990001F5C0;
					};
					32099CDB1E8DA29A0001F5C0 = {
						CreatedOnToolsVersion = 8.2.1;
						ProvisioningStyle = Automatic;
						TestTargetID = 32099CB91E8DA2990001F5C0;
					};
				};
			};
			buildConfigurationList = 32099CB51E8DA2990001F5C0 /* Build configuration list for PBXProject "myFaultReporter" */;
			compatibilityVersion = "Xcode 3.2";
			developmentRegion = English;
			hasScannedForEncodings = 0;
			knownRegions = (
				en,
				Base,
			);
			mainGroup = 32099CB11E8DA2990001F5C0;
			productRefGroup = 32099CBB1E8DA2990001F5C0 /* Products */;
			projectDirPath = "";
			projectRoot = "";
			targets = (
				32099CB91E8DA2990001F5C0 /* myFaultReporter */,
				32099CD01E8DA29A0001F5C0 /* myFaultReporterTests */,
				32099CDB1E8DA29A0001F5C0 /* myFaultReporterUITests */,
			);
		};
/* End PBXProject section */

/* Begin PBXResourcesBuildPhase section */
		32099CB81E8DA2990001F5C0 /* Resources */ = {
			isa = PBXResourcesBuildPhase;
			buildActionMask = 2147483647;
			files = (
				32099CCB1E8DA2990001F5C0 /* LaunchScreen.storyboard in Resources */,
				32099CC81E8DA2990001F5C0 /* Assets.xcassets in Resources */,
				32099CC31E8DA2990001F5C0 /* Main.storyboard in Resources */,
			);
			runOnlyForDeploymentPostprocessing = 0;
		};
		32099CCF1E8DA29A0001F5C0 /* Resources */ = {
			isa = PBXResourcesBuildPhase;
			buildActionMask = 2147483647;
			files = (
			);
			runOnlyForDeploymentPostprocessing = 0;
		};
		32099CDA1E8DA29A0001F5C0 /* Resources */ = {
			isa = PBXResourcesBuildPhase;
			buildActionMask = 2147483647;
			files = (
			);
			runOnlyForDeploymentPostprocessing = 0;
		};
/* End PBXResourcesBuildPhase section */

/* Begin PBXSourcesBuildPhase section */
		32099CB61E8DA2990001F5C0 /* Sources */ = {
			isa = PBXSourcesBuildPhase;
			buildActionMask = 2147483647;
			files = (
				32099CC01E8DA2990001F5C0 /* ViewController.swift in Sources */,
				32099CC61E8DA2990001F5C0 /* myFaultReporter.xcdatamodeld in Sources */,
				32099CBE1E8DA2990001F5C0 /* AppDelegate.swift in Sources */,
			);
			runOnlyForDeploymentPostprocessing = 0;
		};
		32099CCD1E8DA29A0001F5C0 /* Sources */ = {
			isa = PBXSourcesBuildPhase;
			buildActionMask = 2147483647;
			files = (
				32099CD61E8DA29A0001F5C0 /* myFaultReporterTests.swift in Sources */,
			);
			runOnlyForDeploymentPostprocessing = 0;
		};
		32099CD81E8DA29A0001F5C0 /* Sources */ = {
			isa = PBXSourcesBuildPhase;
			buildActionMask = 2147483647;
			files = (
				32099CE11E8DA29A0001F5C0 /* myFaultReporterUITests.swift in Sources */,
			);
			runOnlyForDeploymentPostprocessing = 0;
		};
/* End PBXSourcesBuildPhase section */

/* Begin PBXTargetDependency section */
		32099CD31E8DA29A0001F5C0 /* PBXTargetDependency */ = {
			isa = PBXTargetDependency;
			target = 32099CB91E8DA2990001F5C0 /* myFaultReporter */;
			targetProxy = 32099CD21E8DA29A0001F5C0 /* PBXContainerItemProxy */;
		};
		32099CDE1E8DA29A0001F5C0 /* PBXTargetDependency */ = {
			isa = PBXTargetDependency;
			target = 32099CB91E8DA2990001F5C0 /* myFaultReporter */;
			targetProxy = 32099CDD1E8DA29A0001F5C0 /* PBXContainerItemProxy */;
		};
/* End PBXTargetDependency section */

/* Begin PBXVariantGroup section */
		32099CC11E8DA2990001F5C0 /* Main.storyboard */ = {
			isa = PBXVariantGroup;
			children = (
				32099CC21E8DA2990001F5C0 /* Base */,
			);
			name = Main.storyboard;
			sourceTree = "<group>";
		};
		32099CC91E8DA2990001F5C0 /* LaunchScreen.storyboard */ = {
			isa = PBXVariantGroup;
			children = (
				32099CCA1E8DA2990001F5C0 /* Base */,
			);
			name = LaunchScreen.storyboard;
			sourceTree = "<group>";
		};
/* End PBXVariantGroup section */

/* Begin XCBuildConfiguration section */
		32099CE31E8DA29A0001F5C0 /* Debug */ = {
			isa = XCBuildConfiguration;
			buildSettings = {
				ALWAYS_SEARCH_USER_PATHS = NO;
				CLANG_ANALYZER_NONNULL = YES;
				CLANG_CXX_LANGUAGE_STANDARD = "gnu++0x";
				CLANG_CXX_LIBRARY = "libc++";
				CLANG_ENABLE_MODULES = YES;
				CLANG_ENABLE_OBJC_ARC = YES;
				CLANG_WARN_BOOL_CONVERSION = YES;
				CLANG_WARN_CONSTANT_CONVERSION = YES;
				CLANG_WARN_DIRECT_OBJC_ISA_USAGE = YES_ERROR;
				CLANG_WARN_DOCUMENTATION_COMMENTS = YES;
				CLANG_WARN_EMPTY_BODY = YES;
				CLANG_WARN_ENUM_CONVERSION = YES;
				CLANG_WARN_INFINITE_RECURSION = YES;
				CLANG_WARN_INT_CONVERSION = YES;
				CLANG_WARN_OBJC_ROOT_CLASS = YES_ERROR;
				CLANG_WARN_SUSPICIOUS_MOVE = YES;
				CLANG_WARN_UNREACHABLE_CODE = YES;
				CLANG_WARN__DUPLICATE_METHOD_MATCH = YES;
				"CODE_SIGN_IDENTITY[sdk=iphoneos*]" = "iPhone Developer";
				COPY_PHASE_STRIP = NO;
				DEBUG_INFORMATION_FORMAT = dwarf;
				ENABLE_STRICT_OBJC_MSGSEND = YES;
				ENABLE_TESTABILITY = YES;
				GCC_C_LANGUAGE_STANDARD = gnu99;
				GCC_DYNAMIC_NO_PIC = NO;
				GCC_NO_COMMON_BLOCKS = YES;
				GCC_OPTIMIZATION_LEVEL = 0;
				GCC_PREPROCESSOR_DEFINITIONS = (
					"DEBUG=1",
					"$(inherited)",
				);
				GCC_WARN_64_TO_32_BIT_CONVERSION = YES;
				GCC_WARN_ABOUT_RETURN_TYPE = YES_ERROR;
				GCC_WARN_UNDECLARED_SELECTOR = YES;
				GCC_WARN_UNINITIALIZED_AUTOS = YES_AGGRESSIVE;
				GCC_WARN_UNUSED_FUNCTION = YES;
				GCC_WARN_UNUSED_VARIABLE = YES;
				IPHONEOS_DEPLOYMENT_TARGET = 10.2;
				MTL_ENABLE_DEBUG_INFO = YES;
				ONLY_ACTIVE_ARCH = YES;
				SDKROOT = iphoneos;
				SWIFT_ACTIVE_COMPILATION_CONDITIONS = DEBUG;
				SWIFT_OPTIMIZATION_LEVEL = "-Onone";
				TARGETED_DEVICE_FAMILY = "1,2";
			};
			name = Debug;
		};
		32099CE41E8DA29A0001F5C0 /* Release */ = {
			isa = XCBuildConfiguration;
			buildSettings = {
				ALWAYS_SEARCH_USER_PATHS = NO;
				CLANG_ANALYZER_NONNULL = YES;
				CLANG_CXX_LANGUAGE_STANDARD = "gnu++0x";
				CLANG_CXX_LIBRARY = "libc++";
				CLANG_ENABLE_MODULES = YES;
				CLANG_ENABLE_OBJC_ARC = YES;
				CLANG_WARN_BOOL_CONVERSION = YES;
				CLANG_WARN_CONSTANT_CONVERSION = YES;
				CLANG_WARN_DIRECT_OBJC_ISA_USAGE = YES_ERROR;
				CLANG_WARN_DOCUMENTATION_COMMENTS = YES;
				CLANG_WARN_EMPTY_BODY = YES;
				CLANG_WARN_ENUM_CONVERSION = YES;
				CLANG_WARN_INFINITE_RECURSION = YES;
				CLANG_WARN_INT_CONVERSION = YES;
				CLANG_WARN_OBJC_ROOT_CLASS = YES_ERROR;
				CLANG_WARN_SUSPICIOUS_MOVE = YES;
				CLANG_WARN_UNREACHABLE_CODE = YES;
				CLANG_WARN__DUPLICATE_METHOD_MATCH = YES;
				"CODE_SIGN_IDENTITY[sdk=iphoneos*]" = "iPhone Developer";
				COPY_PHASE_STRIP = NO;
				DEBUG_INFORMATION_FORMAT = "dwarf-with-dsym";
				ENABLE_NS_ASSERTIONS = NO;
				ENABLE_STRICT_OBJC_MSGSEND = YES;
				GCC_C_LANGUAGE_STANDARD = gnu99;
				GCC_NO_COMMON_BLOCKS = YES;
				GCC_WARN_64_TO_32_BIT_CONVERSION = YES;
				GCC_WARN_ABOUT_RETURN_TYPE = YES_ERROR;
				GCC_WARN_UNDECLARED_SELECTOR = YES;
				GCC_WARN_UNINITIALIZED_AUTOS = YES_AGGRESSIVE;
				GCC_WARN_UNUSED_FUNCTION = YES;
				GCC_WARN_UNUSED_VARIABLE = YES;
				IPHONEOS_DEPLOYMENT_TARGET = 10.2;
				MTL_ENABLE_DEBUG_INFO = NO;
				SDKROOT = iphoneos;
				SWIFT_OPTIMIZATION_LEVEL = "-Owholemodule";
				TARGETED_DEVICE_FAMILY = "1,2";
				VALIDATE_PRODUCT = YES;
			};
			name = Release;
		};
		32099CE61E8DA29A0001F5C0 /* Debug */ = {
			isa = XCBuildConfiguration;
			buildSettings = {
				ASSETCATALOG_COMPILER_APPICON_NAME = AppIcon;
				INFOPLIST_FILE = myFaultReporter/Info.plist;
				LD_RUNPATH_SEARCH_PATHS = "$(inherited) @executable_path/Frameworks";
				PRODUCT_BUNDLE_IDENTIFIER = com.hiddenplatform.myFaultReporter;
				PRODUCT_NAME = "$(TARGET_NAME)";
				SWIFT_VERSION = 3.0;
			};
			name = Debug;
		};
		32099CE71E8DA29A0001F5C0 /* Release */ = {
			isa = XCBuildConfiguration;
			buildSettings = {
				ASSETCATALOG_COMPILER_APPICON_NAME = AppIcon;
				INFOPLIST_FILE = myFaultReporter/Info.plist;
				LD_RUNPATH_SEARCH_PATHS = "$(inherited) @executable_path/Frameworks";
				PRODUCT_BUNDLE_IDENTIFIER = com.hiddenplatform.myFaultReporter;
				PRODUCT_NAME = "$(TARGET_NAME)";
				SWIFT_VERSION = 3.0;
			};
			name = Release;
		};
		32099CE91E8DA29A0001F5C0 /* Debug */ = {
			isa = XCBuildConfiguration;
			buildSettings = {
				ALWAYS_EMBED_SWIFT_STANDARD_LIBRARIES = YES;
				BUNDLE_LOADER = "$(TEST_HOST)";
				INFOPLIST_FILE = myFaultReporterTests/Info.plist;
				LD_RUNPATH_SEARCH_PATHS = "$(inherited) @executable_path/Frameworks @loader_path/Frameworks";
				PRODUCT_BUNDLE_IDENTIFIER = com.hiddenplatform.myFaultReporterTests;
				PRODUCT_NAME = "$(TARGET_NAME)";
				SWIFT_VERSION = 3.0;
				TEST_HOST = "$(BUILT_PRODUCTS_DIR)/myFaultReporter.app/myFaultReporter";
			};
			name = Debug;
		};
		32099CEA1E8DA29A0001F5C0 /* Release */ = {
			isa = XCBuildConfiguration;
			buildSettings = {
				ALWAYS_EMBED_SWIFT_STANDARD_LIBRARIES = YES;
				BUNDLE_LOADER = "$(TEST_HOST)";
				INFOPLIST_FILE = myFaultReporterTests/Info.plist;
				LD_RUNPATH_SEARCH_PATHS = "$(inherited) @executable_path/Frameworks @loader_path/Frameworks";
				PRODUCT_BUNDLE_IDENTIFIER = com.hiddenplatform.myFaultReporterTests;
				PRODUCT_NAME = "$(TARGET_NAME)";
				SWIFT_VERSION = 3.0;
				TEST_HOST = "$(BUILT_PRODUCTS_DIR)/myFaultReporter.app/myFaultReporter";
			};
			name = Release;
		};
		32099CEC1E8DA29A0001F5C0 /* Debug */ = {
			isa = XCBuildConfiguration;
			buildSettings = {
				ALWAYS_EMBED_SWIFT_STANDARD_LIBRARIES = YES;
				INFOPLIST_FILE = myFaultReporterUITests/Info.plist;
				LD_RUNPATH_SEARCH_PATHS = "$(inherited) @executable_path/Frameworks @loader_path/Frameworks";
				PRODUCT_BUNDLE_IDENTIFIER = com.hiddenplatform.myFaultReporterUITests;
				PRODUCT_NAME = "$(TARGET_NAME)";
				SWIFT_VERSION = 3.0;
				TEST_TARGET_NAME = myFaultReporter;
			};
			name = Debug;
		};
		32099CED1E8DA29A0001F5C0 /* Release */ = {
			isa = XCBuildConfiguration;
			buildSettings = {
				ALWAYS_EMBED_SWIFT_STANDARD_LIBRARIES = YES;
				INFOPLIST_FILE = myFaultReporterUITests/Info.plist;
				LD_RUNPATH_SEARCH_PATHS = "$(inherited) @executable_path/Frameworks @loader_path/Frameworks";
				PRODUCT_BUNDLE_IDENTIFIER = com.hiddenplatform.myFaultReporterUITests;
				PRODUCT_NAME = "$(TARGET_NAME)";
				SWIFT_VERSION = 3.0;
				TEST_TARGET_NAME = myFaultReporter;
			};
			name = Release;
		};
/* End XCBuildConfiguration section */

/* Begin XCConfigurationList section */
		32099CB51E8DA2990001F5C0 /* Build configuration list for PBXProject "myFaultReporter" */ = {
			isa = XCConfigurationList;
			buildConfigurations = (
				32099CE31E8DA29A0001F5C0 /* Debug */,
				32099CE41E8DA29A0001F5C0 /* Release */,
			);
			defaultConfigurationIsVisible = 0;
			defaultConfigurationName = Release;
		};
		32099CE51E8DA29A0001F5C0 /* Build configuration list for PBXNativeTarget "myFaultReporter" */ = {
			isa = XCConfigurationList;
			buildConfigurations = (
				32099CE61E8DA29A0001F5C0 /* Debug */,
				32099CE71E8DA29A0001F5C0 /* Release */,
			);
			defaultConfigurationIsVisible = 0;
		};
		32099CE81E8DA29A0001F5C0 /* Build configuration list for PBXNativeTarget "myFaultReporterTests" */ = {
			isa = XCConfigurationList;
			buildConfigurations = (
				32099CE91E8DA29A0001F5C0 /* Debug */,
				32099CEA1E8DA29A0001F5C0 /* Release */,
			);
			defaultConfigurationIsVisible = 0;
		};
		32099CEB1E8DA29A0001F5C0 /* Build configuration list for PBXNativeTarget "myFaultReporterUITests" */ = {
			isa = XCConfigurationList;
			buildConfigurations = (
				32099CEC1E8DA29A0001F5C0 /* Debug */,
				32099CED1E8DA29A0001F5C0 /* Release */,
			);
			defaultConfigurationIsVisible = 0;
		};
/* End XCConfigurationList section */

/* Begin XCVersionGroup section */
		32099CC41E8DA2990001F5C0 /* myFaultReporter.xcdatamodeld */ = {
			isa = XCVersionGroup;
			children = (
				32099CC51E8DA2990001F5C0 /* myFaultReporter.xcdatamodel */,
			);
			currentVersion = 32099CC51E8DA2990001F5C0 /* myFaultReporter.xcdatamodel */;
			path = myFaultReporter.xcdatamodeld;
			sourceTree = "<group>";
			versionGroupType = wrapper.xcdatamodel;
		};
/* End XCVersionGroup section */
	};
	rootObject = 32099CB21E8DA2990001F5C0 /* Project object */;
}
