// !$*UTF8*$!
{
	archiveVersion = 1;
	classes = {
	};
	objectVersion = 46;
	objects = {

/* Begin PBXBuildFile section */
		32099CBE1E8DA2990001F5C0 /* AppDelegate.swift in Sources */ = {isa = PBXBuildFile; fileRef = 32099CBD1E8DA2990001F5C0 /* AppDelegate.swift */; };
		32099CC01E8DA2990001F5C0 /* ViewController.swift in Sources */ = {isa = PBXBuildFile; fileRef = 32099CBF1E8DA2990001F5C0 /* ViewController.swift */; };
		32099CC31E8DA2990001F5C0 /* Main.storyboard in Resources */ = {isa = PBXBuildFile; fileRef = 32099CC11E8DA2990001F5C0 /* Main.storyboard */; };
		32099CC61E8DA2990001F5C0 /* myFaultReporter.xcdatamodeld in Sources */ = {isa = PBXBuildFile; fileRef = 32099CC41E8DA2990001F5C0 /* myFaultReporter.xcdatamodeld */; };
		32099CC81E8DA2990001F5C0 /* Assets.xcassets in Resources */ = {isa = PBXBuildFile; fileRef = 32099CC71E8DA2990001F5C0 /* Assets.xcassets */; };
		32099CCB1E8DA2990001F5C0 /* LaunchScreen.storyboard in Resources */ = {isa = PBXBuildFile; fileRef = 32099CC91E8DA2990001F5C0 /* LaunchScreen.storyboard */; };
		32099CD61E8DA29A0001F5C0 /* myFaultReporterTests.swift in Sources */ = {isa = PBXBuildFile; fileRef = 32099CD51E8DA29A0001F5C0 /* myFaultReporterTests.swift */; };
		32099CE11E8DA29A0001F5C0 /* myFaultReporterUITests.swift in Sources */ = {isa = PBXBuildFile; fileRef = 32099CE01E8DA29A0001F5C0 /* myFaultReporterUITests.swift */; };
		32099D391E8DA52C0001F5C0 /* GeoFire.m in Sources */ = {isa = PBXBuildFile; fileRef = 32099D301E8DA52C0001F5C0 /* GeoFire.m */; };
		32099D3A1E8DA52C0001F5C0 /* GFBase32Utils.m in Sources */ = {isa = PBXBuildFile; fileRef = 32099D321E8DA52C0001F5C0 /* GFBase32Utils.m */; };
		32099D3B1E8DA52C0001F5C0 /* GFGeoHash.m in Sources */ = {isa = PBXBuildFile; fileRef = 32099D341E8DA52C0001F5C0 /* GFGeoHash.m */; };
		32099D3C1E8DA52C0001F5C0 /* GFGeoHashQuery.m in Sources */ = {isa = PBXBuildFile; fileRef = 32099D361E8DA52C0001F5C0 /* GFGeoHashQuery.m */; };
		32099D3D1E8DA52C0001F5C0 /* GFQuery.m in Sources */ = {isa = PBXBuildFile; fileRef = 32099D381E8DA52C0001F5C0 /* GFQuery.m */; };
		32099D411E8DA5740001F5C0 /* PokeAnnotation.swift in Sources */ = {isa = PBXBuildFile; fileRef = 32099D401E8DA5740001F5C0 /* PokeAnnotation.swift */; };
		32C600391E8EDA6B00A41159 /* GoogleService-Info.plist in Resources */ = {isa = PBXBuildFile; fileRef = 32C600381E8EDA6B00A41159 /* GoogleService-Info.plist */; };
		358033CC8C1D527D52B52065 /* Pods_myFaultReporterTests.framework in Frameworks */ = {isa = PBXBuildFile; fileRef = 8F1D756E0CC21544A3DF057C /* Pods_myFaultReporterTests.framework */; };
		C118FB3F7EB25C429A5ADDB3 /* Pods_myFaultReporterUITests.framework in Frameworks */ = {isa = PBXBuildFile; fileRef = 3D7685581253C4F3F372CF49 /* Pods_myFaultReporterUITests.framework */; };
		E7E646318359F41DB91A5216 /* Pods_myFaultReporter.framework in Frameworks */ = {isa = PBXBuildFile; fileRef = 9D0532D407454BD067CBCDDA /* Pods_myFaultReporter.framework */; };
/* End PBXBuildFile section */

/* Begin PBXContainerItemProxy section */
		32099CD21E8DA29A0001F5C0 /* PBXContainerItemProxy */ = {
			isa = PBXContainerItemProxy;
			containerPortal = 32099CB21E8DA2990001F5C0 /* Project object */;
			proxyType = 1;
			remoteGlobalIDString = 32099CB91E8DA2990001F5C0;
			remoteInfo = myFaultReporter;
		};
		32099CDD1E8DA29A0001F5C0 /* PBXContainerItemProxy */ = {
			isa = PBXContainerItemProxy;
			containerPortal = 32099CB21E8DA2990001F5C0 /* Project object */;
			proxyType = 1;
			remoteGlobalIDString = 32099CB91E8DA2990001F5C0;
			remoteInfo = myFaultReporter;
		};
/* End PBXContainerItemProxy section */

/* Begin PBXFileReference section */
		32099CBA1E8DA2990001F5C0 /* myFaultReporter.app */ = {isa = PBXFileReference; explicitFileType = wrapper.application; includeInIndex = 0; path = myFaultReporter.app; sourceTree = BUILT_PRODUCTS_DIR; };
		32099CBD1E8DA2990001F5C0 /* AppDelegate.swift */ = {isa = PBXFileReference; lastKnownFileType = sourcecode.swift; path = AppDelegate.swift; sourceTree = "<group>"; };
		32099CBF1E8DA2990001F5C0 /* ViewController.swift */ = {isa = PBXFileReference; lastKnownFileType = sourcecode.swift; path = ViewController.swift; sourceTree = "<group>"; };
		32099CC21E8DA2990001F5C0 /* Base */ = {isa = PBXFileReference; lastKnownFileType = file.storyboard; name = Base; path = Base.lproj/Main.storyboard; sourceTree = "<group>"; };
		32099CC51E8DA2990001F5C0 /* myFaultReporter.xcdatamodel */ = {isa = PBXFileReference; lastKnownFileType = wrapper.xcdatamodel; path = myFaultReporter.xcdatamodel; sourceTree = "<group>"; };
		32099CC71E8DA2990001F5C0 /* Assets.xcassets */ = {isa = PBXFileReference; lastKnownFileType = folder.assetcatalog; path = Assets.xcassets; sourceTree = "<group>"; };
		32099CCA1E8DA2990001F5C0 /* Base */ = {isa = PBXFileReference; lastKnownFileType = file.storyboard; name = Base; path = Base.lproj/LaunchScreen.storyboard; sourceTree = "<group>"; };
		32099CCC1E8DA2990001F5C0 /* Info.plist */ = {isa = PBXFileReference; lastKnownFileType = text.plist.xml; path = Info.plist; sourceTree = "<group>"; };
		32099CD11E8DA29A0001F5C0 /* myFaultReporterTests.xctest */ = {isa = PBXFileReference; explicitFileType = wrapper.cfbundle; includeInIndex = 0; path = myFaultReporterTests.xctest; sourceTree = BUILT_PRODUCTS_DIR; };
		32099CD51E8DA29A0001F5C0 /* myFaultReporterTests.swift */ = {isa = PBXFileReference; lastKnownFileType = sourcecode.swift; path = myFaultReporterTests.swift; sourceTree = "<group>"; };
		32099CD71E8DA29A0001F5C0 /* Info.plist */ = {isa = PBXFileReference; lastKnownFileType = text.plist.xml; path = Info.plist; sourceTree = "<group>"; };
		32099CDC1E8DA29A0001F5C0 /* myFaultReporterUITests.xctest */ = {isa = PBXFileReference; explicitFileType = wrapper.cfbundle; includeInIndex = 0; path = myFaultReporterUITests.xctest; sourceTree = BUILT_PRODUCTS_DIR; };
		32099CE01E8DA29A0001F5C0 /* myFaultReporterUITests.swift */ = {isa = PBXFileReference; lastKnownFileType = sourcecode.swift; path = myFaultReporterUITests.swift; sourceTree = "<group>"; };
		32099CE21E8DA29A0001F5C0 /* Info.plist */ = {isa = PBXFileReference; lastKnownFileType = text.plist.xml; path = Info.plist; sourceTree = "<group>"; };
		32099D231E8DA5170001F5C0 /* myFaultReporter-Bridging-Header.h */ = {isa = PBXFileReference; lastKnownFileType = sourcecode.c.h; path = "myFaultReporter-Bridging-Header.h"; sourceTree = "<group>"; };
		32099D291E8DA52C0001F5C0 /* GeoFire.h */ = {isa = PBXFileReference; fileEncoding = 4; lastKnownFileType = sourcecode.c.h; path = GeoFire.h; sourceTree = "<group>"; };
		32099D2A1E8DA52C0001F5C0 /* GFCircleQuery.h */ = {isa = PBXFileReference; fileEncoding = 4; lastKnownFileType = sourcecode.c.h; path = GFCircleQuery.h; sourceTree = "<group>"; };
		32099D2B1E8DA52C0001F5C0 /* GFQuery.h */ = {isa = PBXFileReference; fileEncoding = 4; lastKnownFileType = sourcecode.c.h; path = GFQuery.h; sourceTree = "<group>"; };
		32099D2C1E8DA52C0001F5C0 /* GFRegionQuery.h */ = {isa = PBXFileReference; fileEncoding = 4; lastKnownFileType = sourcecode.c.h; path = GFRegionQuery.h; sourceTree = "<group>"; };
		32099D2D1E8DA52C0001F5C0 /* GeoFire-Prefix.pch */ = {isa = PBXFileReference; fileEncoding = 4; lastKnownFileType = sourcecode.c.h; path = "GeoFire-Prefix.pch"; sourceTree = "<group>"; };
		32099D2F1E8DA52C0001F5C0 /* GeoFire+Private.h */ = {isa = PBXFileReference; fileEncoding = 4; lastKnownFileType = sourcecode.c.h; path = "GeoFire+Private.h"; sourceTree = "<group>"; };
		32099D301E8DA52C0001F5C0 /* GeoFire.m */ = {isa = PBXFileReference; fileEncoding = 4; lastKnownFileType = sourcecode.c.objc; path = GeoFire.m; sourceTree = "<group>"; };
		32099D311E8DA52C0001F5C0 /* GFBase32Utils.h */ = {isa = PBXFileReference; fileEncoding = 4; lastKnownFileType = sourcecode.c.h; path = GFBase32Utils.h; sourceTree = "<group>"; };
		32099D321E8DA52C0001F5C0 /* GFBase32Utils.m */ = {isa = PBXFileReference; fileEncoding = 4; lastKnownFileType = sourcecode.c.objc; path = GFBase32Utils.m; sourceTree = "<group>"; };
		32099D331E8DA52C0001F5C0 /* GFGeoHash.h */ = {isa = PBXFileReference; fileEncoding = 4; lastKnownFileType = sourcecode.c.h; path = GFGeoHash.h; sourceTree = "<group>"; };
		32099D341E8DA52C0001F5C0 /* GFGeoHash.m */ = {isa = PBXFileReference; fileEncoding = 4; lastKnownFileType = sourcecode.c.objc; path = GFGeoHash.m; sourceTree = "<group>"; };
		32099D351E8DA52C0001F5C0 /* GFGeoHashQuery.h */ = {isa = PBXFileReference; fileEncoding = 4; lastKnownFileType = sourcecode.c.h; path = GFGeoHashQuery.h; sourceTree = "<group>"; };
		32099D361E8DA52C0001F5C0 /* GFGeoHashQuery.m */ = {isa = PBXFileReference; fileEncoding = 4; lastKnownFileType = sourcecode.c.objc; path = GFGeoHashQuery.m; sourceTree = "<group>"; };
		32099D371E8DA52C0001F5C0 /* GFQuery+Private.h */ = {isa = PBXFileReference; fileEncoding = 4; lastKnownFileType = sourcecode.c.h; path = "GFQuery+Private.h"; sourceTree = "<group>"; };
		32099D381E8DA52C0001F5C0 /* GFQuery.m */ = {isa = PBXFileReference; fileEncoding = 4; lastKnownFileType = sourcecode.c.objc; path = GFQuery.m; sourceTree = "<group>"; };
		32099D401E8DA5740001F5C0 /* PokeAnnotation.swift */ = {isa = PBXFileReference; fileEncoding = 4; lastKnownFileType = sourcecode.swift; path = PokeAnnotation.swift; sourceTree = "<group>"; };
		32C600381E8EDA6B00A41159 /* GoogleService-Info.plist */ = {isa = PBXFileReference; fileEncoding = 4; lastKnownFileType = text.plist.xml; path = "GoogleService-Info.plist"; sourceTree = "<group>"; };
		3D7685581253C4F3F372CF49 /* Pods_myFaultReporterUITests.framework */ = {isa = PBXFileReference; explicitFileType = wrapper.framework; includeInIndex = 0; path = Pods_myFaultReporterUITests.framework; sourceTree = BUILT_PRODUCTS_DIR; };
		3EB38621C6EDFC11CFD0A2AB /* Pods-myFaultReporterUITests.debug.xcconfig */ = {isa = PBXFileReference; includeInIndex = 1; lastKnownFileType = text.xcconfig; name = "Pods-myFaultReporterUITests.debug.xcconfig"; path = "Pods/Target Support Files/Pods-myFaultReporterUITests/Pods-myFaultReporterUITests.debug.xcconfig"; sourceTree = "<group>"; };
		6CED3A8A61A677DD5C3227DB /* Pods-myFaultReporterTests.debug.xcconfig */ = {isa = PBXFileReference; includeInIndex = 1; lastKnownFileType = text.xcconfig; name = "Pods-myFaultReporterTests.debug.xcconfig"; path = "Pods/Target Support Files/Pods-myFaultReporterTests/Pods-myFaultReporterTests.debug.xcconfig"; sourceTree = "<group>"; };
		7A1A09FB21782955D6C740A2 /* Pods-myFaultReporterUITests.release.xcconfig */ = {isa = PBXFileReference; includeInIndex = 1; lastKnownFileType = text.xcconfig; name = "Pods-myFaultReporterUITests.release.xcconfig"; path = "Pods/Target Support Files/Pods-myFaultReporterUITests/Pods-myFaultReporterUITests.release.xcconfig"; sourceTree = "<group>"; };
		8F1D756E0CC21544A3DF057C /* Pods_myFaultReporterTests.framework */ = {isa = PBXFileReference; explicitFileType = wrapper.framework; includeInIndex = 0; path = Pods_myFaultReporterTests.framework; sourceTree = BUILT_PRODUCTS_DIR; };
		94C3F30014B35B2E6C516A8E /* Pods-myFaultReporterTests.release.xcconfig */ = {isa = PBXFileReference; includeInIndex = 1; lastKnownFileType = text.xcconfig; name = "Pods-myFaultReporterTests.release.xcconfig"; path = "Pods/Target Support Files/Pods-myFaultReporterTests/Pods-myFaultReporterTests.release.xcconfig"; sourceTree = "<group>"; };
		9D0532D407454BD067CBCDDA /* Pods_myFaultReporter.framework */ = {isa = PBXFileReference; explicitFileType = wrapper.framework; includeInIndex = 0; path = Pods_myFaultReporter.framework; sourceTree = BUILT_PRODUCTS_DIR; };
		E9B65230A33F1E856BCA3065 /* Pods-myFaultReporter.debug.xcconfig */ = {isa = PBXFileReference; includeInIndex = 1; lastKnownFileType = text.xcconfig; name = "Pods-myFaultReporter.debug.xcconfig"; path = "Pods/Target Support Files/Pods-myFaultReporter/Pods-myFaultReporter.debug.xcconfig"; sourceTree = "<group>"; };
		F9A2EBF146FEF7DA5EB5E49C /* Pods-myFaultReporter.release.xcconfig */ = {isa = PBXFileReference; includeInIndex = 1; lastKnownFileType = text.xcconfig; name = "Pods-myFaultReporter.release.xcconfig"; path = "Pods/Target Support Files/Pods-myFaultReporter/Pods-myFaultReporter.release.xcconfig"; sourceTree = "<group>"; };
/* End PBXFileReference section */

/* Begin PBXFrameworksBuildPhase section */
		32099CB71E8DA2990001F5C0 /* Frameworks */ = {
			isa = PBXFrameworksBuildPhase;
			buildActionMask = 2147483647;
			files = (
				E7E646318359F41DB91A5216 /* Pods_myFaultReporter.framework in Frameworks */,
			);
			runOnlyForDeploymentPostprocessing = 0;
		};
		32099CCE1E8DA29A0001F5C0 /* Frameworks */ = {
			isa = PBXFrameworksBuildPhase;
			buildActionMask = 2147483647;
			files = (
				358033CC8C1D527D52B52065 /* Pods_myFaultReporterTests.framework in Frameworks */,
			);
			runOnlyForDeploymentPostprocessing = 0;
		};
		32099CD91E8DA29A0001F5C0 /* Frameworks */ = {
			isa = PBXFrameworksBuildPhase;
			buildActionMask = 2147483647;
			files = (
				C118FB3F7EB25C429A5ADDB3 /* Pods_myFaultReporterUITests.framework in Frameworks */,
			);
			runOnlyForDeploymentPostprocessing = 0;
		};
/* End PBXFrameworksBuildPhase section */

/* Begin PBXGroup section */
		11C9176CCA176B23C844110B /* Pods */ = {
			isa = PBXGroup;
			children = (
				E9B65230A33F1E856BCA3065 /* Pods-myFaultReporter.debug.xcconfig */,
				F9A2EBF146FEF7DA5EB5E49C /* Pods-myFaultReporter.release.xcconfig */,
				6CED3A8A61A677DD5C3227DB /* Pods-myFaultReporterTests.debug.xcconfig */,
				94C3F30014B35B2E6C516A8E /* Pods-myFaultReporterTests.release.xcconfig */,
				3EB38621C6EDFC11CFD0A2AB /* Pods-myFaultReporterUITests.debug.xcconfig */,
				7A1A09FB21782955D6C740A2 /* Pods-myFaultReporterUITests.release.xcconfig */,
			);
			name = Pods;
			sourceTree = "<group>";
		};
		32099CB11E8DA2990001F5C0 = {
			isa = PBXGroup;
			children = (
				32099D271E8DA52C0001F5C0 /* GeoFire */,
				32099CBC1E8DA2990001F5C0 /* myFaultReporter */,
				32099CD41E8DA29A0001F5C0 /* myFaultReporterTests */,
				32099CDF1E8DA29A0001F5C0 /* myFaultReporterUITests */,
				32099CBB1E8DA2990001F5C0 /* Products */,
				11C9176CCA176B23C844110B /* Pods */,
				5719C01800A10E6AB845BF0B /* Frameworks */,
			);
			sourceTree = "<group>";
		};
		32099CBB1E8DA2990001F5C0 /* Products */ = {
			isa = PBXGroup;
			children = (
				32099CBA1E8DA2990001F5C0 /* myFaultReporter.app */,
				32099CD11E8DA29A0001F5C0 /* myFaultReporterTests.xctest */,
				32099CDC1E8DA29A0001F5C0 /* myFaultReporterUITests.xctest */,
			);
			name = Products;
			sourceTree = "<group>";
		};
		32099CBC1E8DA2990001F5C0 /* myFaultReporter */ = {
			isa = PBXGroup;
			children = (
				32099D3F1E8DA5590001F5C0 /* Controller */,
				32099D3E1E8DA5530001F5C0 /* Model */,
				32099CBD1E8DA2990001F5C0 /* AppDelegate.swift */,
				32099CC11E8DA2990001F5C0 /* Main.storyboard */,
				32099CC71E8DA2990001F5C0 /* Assets.xcassets */,
				32099CC91E8DA2990001F5C0 /* LaunchScreen.storyboard */,
				32099CCC1E8DA2990001F5C0 /* Info.plist */,
				32099CC41E8DA2990001F5C0 /* myFaultReporter.xcdatamodeld */,
				32099D231E8DA5170001F5C0 /* myFaultReporter-Bridging-Header.h */,
				32C600381E8EDA6B00A41159 /* GoogleService-Info.plist */,
			);
			path = myFaultReporter;
			sourceTree = "<group>";
		};
		32099CD41E8DA29A0001F5C0 /* myFaultReporterTests */ = {
			isa = PBXGroup;
			children = (
				32099CD51E8DA29A0001F5C0 /* myFaultReporterTests.swift */,
				32099CD71E8DA29A0001F5C0 /* Info.plist */,
			);
			path = myFaultReporterTests;
			sourceTree = "<group>";
		};
		32099CDF1E8DA29A0001F5C0 /* myFaultReporterUITests */ = {
			isa = PBXGroup;
			children = (
				32099CE01E8DA29A0001F5C0 /* myFaultReporterUITests.swift */,
				32099CE21E8DA29A0001F5C0 /* Info.plist */,
			);
			path = myFaultReporterUITests;
			sourceTree = "<group>";
		};
		32099D271E8DA52C0001F5C0 /* GeoFire */ = {
			isa = PBXGroup;
			children = (
				32099D281E8DA52C0001F5C0 /* API */,
				32099D2D1E8DA52C0001F5C0 /* GeoFire-Prefix.pch */,
				32099D2E1E8DA52C0001F5C0 /* Implementation */,
			);
			path = GeoFire;
			sourceTree = "<group>";
		};
		32099D281E8DA52C0001F5C0 /* API */ = {
			isa = PBXGroup;
			children = (
				32099D291E8DA52C0001F5C0 /* GeoFire.h */,
				32099D2A1E8DA52C0001F5C0 /* GFCircleQuery.h */,
				32099D2B1E8DA52C0001F5C0 /* GFQuery.h */,
				32099D2C1E8DA52C0001F5C0 /* GFRegionQuery.h */,
			);
			path = API;
			sourceTree = "<group>";
		};
		32099D2E1E8DA52C0001F5C0 /* Implementation */ = {
			isa = PBXGroup;
			children = (
				32099D2F1E8DA52C0001F5C0 /* GeoFire+Private.h */,
				32099D301E8DA52C0001F5C0 /* GeoFire.m */,
				32099D311E8DA52C0001F5C0 /* GFBase32Utils.h */,
				32099D321E8DA52C0001F5C0 /* GFBase32Utils.m */,
				32099D331E8DA52C0001F5C0 /* GFGeoHash.h */,
				32099D341E8DA52C0001F5C0 /* GFGeoHash.m */,
				32099D351E8DA52C0001F5C0 /* GFGeoHashQuery.h */,
				32099D361E8DA52C0001F5C0 /* GFGeoHashQuery.m */,
				32099D371E8DA52C0001F5C0 /* GFQuery+Private.h */,
				32099D381E8DA52C0001F5C0 /* GFQuery.m */,
			);
			path = Implementation;
			sourceTree = "<group>";
		};
		32099D3E1E8DA5530001F5C0 /* Model */ = {
			isa = PBXGroup;
			children = (
				32099D401E8DA5740001F5C0 /* PokeAnnotation.swift */,
			);
			name = Model;
			sourceTree = "<group>";
		};
		32099D3F1E8DA5590001F5C0 /* Controller */ = {
			isa = PBXGroup;
			children = (
				32099CBF1E8DA2990001F5C0 /* ViewController.swift */,
			);
			name = Controller;
			sourceTree = "<group>";
		};
		5719C01800A10E6AB845BF0B /* Frameworks */ = {
			isa = PBXGroup;
			children = (
				9D0532D407454BD067CBCDDA /* Pods_myFaultReporter.framework */,
				8F1D756E0CC21544A3DF057C /* Pods_myFaultReporterTests.framework */,
				3D7685581253C4F3F372CF49 /* Pods_myFaultReporterUITests.framework */,
			);
			name = Frameworks;
			sourceTree = "<group>";
		};
/* End PBXGroup section */

/* Begin PBXNativeTarget section */
		32099CB91E8DA2990001F5C0 /* myFaultReporter */ = {
			isa = PBXNativeTarget;
			buildConfigurationList = 32099CE51E8DA29A0001F5C0 /* Build configuration list for PBXNativeTarget "myFaultReporter" */;
			buildPhases = (
				C38ABB6FD91095788A35303E /* [CP] Check Pods Manifest.lock */,
				32099CB61E8DA2990001F5C0 /* Sources */,
				32099CB71E8DA2990001F5C0 /* Frameworks */,
				32099CB81E8DA2990001F5C0 /* Resources */,
				07294D7961EC645CD197686F /* [CP] Embed Pods Frameworks */,
				2004992FBC30ABECBEF2D834 /* [CP] Copy Pods Resources */,
			);
			buildRules = (
			);
			dependencies = (
			);
			name = myFaultReporter;
			productName = myFaultReporter;
			productReference = 32099CBA1E8DA2990001F5C0 /* myFaultReporter.app */;
			productType = "com.apple.product-type.application";
		};
		32099CD01E8DA29A0001F5C0 /* myFaultReporterTests */ = {
			isa = PBXNativeTarget;
			buildConfigurationList = 32099CE81E8DA29A0001F5C0 /* Build configuration list for PBXNativeTarget "myFaultReporterTests" */;
			buildPhases = (
				8992E65410DEAF38659A5416 /* [CP] Check Pods Manifest.lock */,
				32099CCD1E8DA29A0001F5C0 /* Sources */,
				32099CCE1E8DA29A0001F5C0 /* Frameworks */,
				32099CCF1E8DA29A0001F5C0 /* Resources */,
				A35AFB6804F0D75E06CC6E2E /* [CP] Embed Pods Frameworks */,
				F214F0003C961C85CD8DCB44 /* [CP] Copy Pods Resources */,
			);
			buildRules = (
			);
			dependencies = (
				32099CD31E8DA29A0001F5C0 /* PBXTargetDependency */,
			);
			name = myFaultReporterTests;
			productName = myFaultReporterTests;
			productReference = 32099CD11E8DA29A0001F5C0 /* myFaultReporterTests.xctest */;
			productType = "com.apple.product-type.bundle.unit-test";
		};
		32099CDB1E8DA29A0001F5C0 /* myFaultReporterUITests */ = {
			isa = PBXNativeTarget;
			buildConfigurationList = 32099CEB1E8DA29A0001F5C0 /* Build configuration list for PBXNativeTarget "myFaultReporterUITests" */;
			buildPhases = (
				E846569F62A2D40D3BFB1125 /* [CP] Check Pods Manifest.lock */,
				32099CD81E8DA29A0001F5C0 /* Sources */,
				32099CD91E8DA29A0001F5C0 /* Frameworks */,
				32099CDA1E8DA29A0001F5C0 /* Resources */,
				7CE6801041389CCC6512AC21 /* [CP] Embed Pods Frameworks */,
				7C078A2BC6AD0937BA719B30 /* [CP] Copy Pods Resources */,
			);
			buildRules = (
			);
			dependencies = (
				32099CDE1E8DA29A0001F5C0 /* PBXTargetDependency */,
			);
			name = myFaultReporterUITests;
			productName = myFaultReporterUITests;
			productReference = 32099CDC1E8DA29A0001F5C0 /* myFaultReporterUITests.xctest */;
			productType = "com.apple.product-type.bundle.ui-testing";
		};
/* End PBXNativeTarget section */

/* Begin PBXProject section */
		32099CB21E8DA2990001F5C0 /* Project object */ = {
			isa = PBXProject;
			attributes = {
				LastSwiftUpdateCheck = 0820;
				LastUpgradeCheck = 0820;
				ORGANIZATIONNAME = HiddenPlatform;
				TargetAttributes = {
					32099CB91E8DA2990001F5C0 = {
						CreatedOnToolsVersion = 8.2.1;
						DevelopmentTeam = 8N5N659ZB9;
						LastSwiftMigration = 0820;
						ProvisioningStyle = Automatic;
					};
					32099CD01E8DA29A0001F5C0 = {
						CreatedOnToolsVersion = 8.2.1;
						ProvisioningStyle = Automatic;
						TestTargetID = 32099CB91E8DA2990001F5C0;
					};
					32099CDB1E8DA29A0001F5C0 = {
						CreatedOnToolsVersion = 8.2.1;
						ProvisioningStyle = Automatic;
						TestTargetID = 32099CB91E8DA2990001F5C0;
					};
				};
			};
			buildConfigurationList = 32099CB51E8DA2990001F5C0 /* Build configuration list for PBXProject "myFaultReporter" */;
			compatibilityVersion = "Xcode 3.2";
			developmentRegion = English;
			hasScannedForEncodings = 0;
			knownRegions = (
				en,
				Base,
			);
			mainGroup = 32099CB11E8DA2990001F5C0;
			productRefGroup = 32099CBB1E8DA2990001F5C0 /* Products */;
			projectDirPath = "";
			projectRoot = "";
			targets = (
				32099CB91E8DA2990001F5C0 /* myFaultReporter */,
				32099CD01E8DA29A0001F5C0 /* myFaultReporterTests */,
				32099CDB1E8DA29A0001F5C0 /* myFaultReporterUITests */,
			);
		};
/* End PBXProject section */

/* Begin PBXResourcesBuildPhase section */
		32099CB81E8DA2990001F5C0 /* Resources */ = {
			isa = PBXResourcesBuildPhase;
			buildActionMask = 2147483647;
			files = (
				32099CCB1E8DA2990001F5C0 /* LaunchScreen.storyboard in Resources */,
				32C600391E8EDA6B00A41159 /* GoogleService-Info.plist in Resources */,
				32099CC81E8DA2990001F5C0 /* Assets.xcassets in Resources */,
				32099CC31E8DA2990001F5C0 /* Main.storyboard in Resources */,
			);
			runOnlyForDeploymentPostprocessing = 0;
		};
		32099CCF1E8DA29A0001F5C0 /* Resources */ = {
			isa = PBXResourcesBuildPhase;
			buildActionMask = 2147483647;
			files = (
			);
			runOnlyForDeploymentPostprocessing = 0;
		};
		32099CDA1E8DA29A0001F5C0 /* Resources */ = {
			isa = PBXResourcesBuildPhase;
			buildActionMask = 2147483647;
			files = (
			);
			runOnlyForDeploymentPostprocessing = 0;
		};
/* End PBXResourcesBuildPhase section */

/* Begin PBXShellScriptBuildPhase section */
		07294D7961EC645CD197686F /* [CP] Embed Pods Frameworks */ = {
			isa = PBXShellScriptBuildPhase;
			buildActionMask = 2147483647;
			files = (
			);
			inputPaths = (
			);
			name = "[CP] Embed Pods Frameworks";
			outputPaths = (
			);
			runOnlyForDeploymentPostprocessing = 0;
			shellPath = /bin/sh;
			shellScript = "\"${SRCROOT}/Pods/Target Support Files/Pods-myFaultReporter/Pods-myFaultReporter-frameworks.sh\"\n";
			showEnvVarsInLog = 0;
		};
		2004992FBC30ABECBEF2D834 /* [CP] Copy Pods Resources */ = {
			isa = PBXShellScriptBuildPhase;
			buildActionMask = 2147483647;
			files = (
			);
			inputPaths = (
			);
			name = "[CP] Copy Pods Resources";
			outputPaths = (
			);
			runOnlyForDeploymentPostprocessing = 0;
			shellPath = /bin/sh;
			shellScript = "\"${SRCROOT}/Pods/Target Support Files/Pods-myFaultReporter/Pods-myFaultReporter-resources.sh\"\n";
			showEnvVarsInLog = 0;
		};
		7C078A2BC6AD0937BA719B30 /* [CP] Copy Pods Resources */ = {
			isa = PBXShellScriptBuildPhase;
			buildActionMask = 2147483647;
			files = (
			);
			inputPaths = (
			);
			name = "[CP] Copy Pods Resources";
			outputPaths = (
			);
			runOnlyForDeploymentPostprocessing = 0;
			shellPath = /bin/sh;
			shellScript = "\"${SRCROOT}/Pods/Target Support Files/Pods-myFaultReporterUITests/Pods-myFaultReporterUITests-resources.sh\"\n";
			showEnvVarsInLog = 0;
		};
		7CE6801041389CCC6512AC21 /* [CP] Embed Pods Frameworks */ = {
			isa = PBXShellScriptBuildPhase;
			buildActionMask = 2147483647;
			files = (
			);
			inputPaths = (
			);
			name = "[CP] Embed Pods Frameworks";
			outputPaths = (
			);
			runOnlyForDeploymentPostprocessing = 0;
			shellPath = /bin/sh;
			shellScript = "\"${SRCROOT}/Pods/Target Support Files/Pods-myFaultReporterUITests/Pods-myFaultReporterUITests-frameworks.sh\"\n";
			showEnvVarsInLog = 0;
		};
		8992E65410DEAF38659A5416 /* [CP] Check Pods Manifest.lock */ = {
			isa = PBXShellScriptBuildPhase;
			buildActionMask = 2147483647;
			files = (
			);
			inputPaths = (
			);
			name = "[CP] Check Pods Manifest.lock";
			outputPaths = (
			);
			runOnlyForDeploymentPostprocessing = 0;
			shellPath = /bin/sh;
			shellScript = "diff \"${PODS_ROOT}/../Podfile.lock\" \"${PODS_ROOT}/Manifest.lock\" > /dev/null\nif [ $? != 0 ] ; then\n    # print error to STDERR\n    echo \"error: The sandbox is not in sync with the Podfile.lock. Run 'pod install' or update your CocoaPods installation.\" >&2\n    exit 1\nfi\n";
			showEnvVarsInLog = 0;
		};
		A35AFB6804F0D75E06CC6E2E /* [CP] Embed Pods Frameworks */ = {
			isa = PBXShellScriptBuildPhase;
			buildActionMask = 2147483647;
			files = (
			);
			inputPaths = (
			);
			name = "[CP] Embed Pods Frameworks";
			outputPaths = (
			);
			runOnlyForDeploymentPostprocessing = 0;
			shellPath = /bin/sh;
			shellScript = "\"${SRCROOT}/Pods/Target Support Files/Pods-myFaultReporterTests/Pods-myFaultReporterTests-frameworks.sh\"\n";
			showEnvVarsInLog = 0;
		};
		C38ABB6FD91095788A35303E /* [CP] Check Pods Manifest.lock */ = {
			isa = PBXShellScriptBuildPhase;
			buildActionMask = 2147483647;
			files = (
			);
			inputPaths = (
			);
			name = "[CP] Check Pods Manifest.lock";
			outputPaths = (
			);
			runOnlyForDeploymentPostprocessing = 0;
			shellPath = /bin/sh;
			shellScript = "diff \"${PODS_ROOT}/../Podfile.lock\" \"${PODS_ROOT}/Manifest.lock\" > /dev/null\nif [ $? != 0 ] ; then\n    # print error to STDERR\n    echo \"error: The sandbox is not in sync with the Podfile.lock. Run 'pod install' or update your CocoaPods installation.\" >&2\n    exit 1\nfi\n";
			showEnvVarsInLog = 0;
		};
		E846569F62A2D40D3BFB1125 /* [CP] Check Pods Manifest.lock */ = {
			isa = PBXShellScriptBuildPhase;
			buildActionMask = 2147483647;
			files = (
			);
			inputPaths = (
			);
			name = "[CP] Check Pods Manifest.lock";
			outputPaths = (
			);
			runOnlyForDeploymentPostprocessing = 0;
			shellPath = /bin/sh;
			shellScript = "diff \"${PODS_ROOT}/../Podfile.lock\" \"${PODS_ROOT}/Manifest.lock\" > /dev/null\nif [ $? != 0 ] ; then\n    # print error to STDERR\n    echo \"error: The sandbox is not in sync with the Podfile.lock. Run 'pod install' or update your CocoaPods installation.\" >&2\n    exit 1\nfi\n";
			showEnvVarsInLog = 0;
		};
		F214F0003C961C85CD8DCB44 /* [CP] Copy Pods Resources */ = {
			isa = PBXShellScriptBuildPhase;
			buildActionMask = 2147483647;
			files = (
			);
			inputPaths = (
			);
			name = "[CP] Copy Pods Resources";
			outputPaths = (
			);
			runOnlyForDeploymentPostprocessing = 0;
			shellPath = /bin/sh;
			shellScript = "\"${SRCROOT}/Pods/Target Support Files/Pods-myFaultReporterTests/Pods-myFaultReporterTests-resources.sh\"\n";
			showEnvVarsInLog = 0;
		};
/* End PBXShellScriptBuildPhase section */

/* Begin PBXSourcesBuildPhase section */
		32099CB61E8DA2990001F5C0 /* Sources */ = {
			isa = PBXSourcesBuildPhase;
			buildActionMask = 2147483647;
			files = (
				32099CC01E8DA2990001F5C0 /* ViewController.swift in Sources */,
				32099D3A1E8DA52C0001F5C0 /* GFBase32Utils.m in Sources */,
				32099D3C1E8DA52C0001F5C0 /* GFGeoHashQuery.m in Sources */,
				32099D391E8DA52C0001F5C0 /* GeoFire.m in Sources */,
				32099CC61E8DA2990001F5C0 /* myFaultReporter.xcdatamodeld in Sources */,
				32099D3B1E8DA52C0001F5C0 /* GFGeoHash.m in Sources */,
				32099CBE1E8DA2990001F5C0 /* AppDelegate.swift in Sources */,
				32099D411E8DA5740001F5C0 /* PokeAnnotation.swift in Sources */,
				32099D3D1E8DA52C0001F5C0 /* GFQuery.m in Sources */,
			);
			runOnlyForDeploymentPostprocessing = 0;
		};
		32099CCD1E8DA29A0001F5C0 /* Sources */ = {
			isa = PBXSourcesBuildPhase;
			buildActionMask = 2147483647;
			files = (
				32099CD61E8DA29A0001F5C0 /* myFaultReporterTests.swift in Sources */,
			);
			runOnlyForDeploymentPostprocessing = 0;
		};
		32099CD81E8DA29A0001F5C0 /* Sources */ = {
			isa = PBXSourcesBuildPhase;
			buildActionMask = 2147483647;
			files = (
				32099CE11E8DA29A0001F5C0 /* myFaultReporterUITests.swift in Sources */,
			);
			runOnlyForDeploymentPostprocessing = 0;
		};
/* End PBXSourcesBuildPhase section */

/* Begin PBXTargetDependency section */
		32099CD31E8DA29A0001F5C0 /* PBXTargetDependency */ = {
			isa = PBXTargetDependency;
			target = 32099CB91E8DA2990001F5C0 /* myFaultReporter */;
			targetProxy = 32099CD21E8DA29A0001F5C0 /* PBXContainerItemProxy */;
		};
		32099CDE1E8DA29A0001F5C0 /* PBXTargetDependency */ = {
			isa = PBXTargetDependency;
			target = 32099CB91E8DA2990001F5C0 /* myFaultReporter */;
			targetProxy = 32099CDD1E8DA29A0001F5C0 /* PBXContainerItemProxy */;
		};
/* End PBXTargetDependency section */

/* Begin PBXVariantGroup section */
		32099CC11E8DA2990001F5C0 /* Main.storyboard */ = {
			isa = PBXVariantGroup;
			children = (
				32099CC21E8DA2990001F5C0 /* Base */,
			);
			name = Main.storyboard;
			sourceTree = "<group>";
		};
		32099CC91E8DA2990001F5C0 /* LaunchScreen.storyboard */ = {
			isa = PBXVariantGroup;
			children = (
				32099CCA1E8DA2990001F5C0 /* Base */,
			);
			name = LaunchScreen.storyboard;
			sourceTree = "<group>";
		};
/* End PBXVariantGroup section */

/* Begin XCBuildConfiguration section */
		32099CE31E8DA29A0001F5C0 /* Debug */ = {
			isa = XCBuildConfiguration;
			buildSettings = {
				ALWAYS_SEARCH_USER_PATHS = NO;
				CLANG_ANALYZER_NONNULL = YES;
				CLANG_CXX_LANGUAGE_STANDARD = "gnu++0x";
				CLANG_CXX_LIBRARY = "libc++";
				CLANG_ENABLE_MODULES = YES;
				CLANG_ENABLE_OBJC_ARC = YES;
				CLANG_WARN_BOOL_CONVERSION = YES;
				CLANG_WARN_CONSTANT_CONVERSION = YES;
				CLANG_WARN_DIRECT_OBJC_ISA_USAGE = YES_ERROR;
				CLANG_WARN_DOCUMENTATION_COMMENTS = YES;
				CLANG_WARN_EMPTY_BODY = YES;
				CLANG_WARN_ENUM_CONVERSION = YES;
				CLANG_WARN_INFINITE_RECURSION = YES;
				CLANG_WARN_INT_CONVERSION = YES;
				CLANG_WARN_OBJC_ROOT_CLASS = YES_ERROR;
				CLANG_WARN_SUSPICIOUS_MOVE = YES;
				CLANG_WARN_UNREACHABLE_CODE = YES;
				CLANG_WARN__DUPLICATE_METHOD_MATCH = YES;
				"CODE_SIGN_IDENTITY[sdk=iphoneos*]" = "iPhone Developer";
				COPY_PHASE_STRIP = NO;
				DEBUG_INFORMATION_FORMAT = dwarf;
				ENABLE_STRICT_OBJC_MSGSEND = YES;
				ENABLE_TESTABILITY = YES;
				GCC_C_LANGUAGE_STANDARD = gnu99;
				GCC_DYNAMIC_NO_PIC = NO;
				GCC_NO_COMMON_BLOCKS = YES;
				GCC_OPTIMIZATION_LEVEL = 0;
				GCC_PREPROCESSOR_DEFINITIONS = (
					"DEBUG=1",
					"$(inherited)",
				);
				GCC_WARN_64_TO_32_BIT_CONVERSION = YES;
				GCC_WARN_ABOUT_RETURN_TYPE = YES_ERROR;
				GCC_WARN_UNDECLARED_SELECTOR = YES;
				GCC_WARN_UNINITIALIZED_AUTOS = YES_AGGRESSIVE;
				GCC_WARN_UNUSED_FUNCTION = YES;
				GCC_WARN_UNUSED_VARIABLE = YES;
				IPHONEOS_DEPLOYMENT_TARGET = 10.2;
				MTL_ENABLE_DEBUG_INFO = YES;
				ONLY_ACTIVE_ARCH = YES;
				SDKROOT = iphoneos;
				SWIFT_ACTIVE_COMPILATION_CONDITIONS = DEBUG;
				SWIFT_OPTIMIZATION_LEVEL = "-Onone";
				TARGETED_DEVICE_FAMILY = "1,2";
			};
			name = Debug;
		};
		32099CE41E8DA29A0001F5C0 /* Release */ = {
			isa = XCBuildConfiguration;
			buildSettings = {
				ALWAYS_SEARCH_USER_PATHS = NO;
				CLANG_ANALYZER_NONNULL = YES;
				CLANG_CXX_LANGUAGE_STANDARD = "gnu++0x";
				CLANG_CXX_LIBRARY = "libc++";
				CLANG_ENABLE_MODULES = YES;
				CLANG_ENABLE_OBJC_ARC = YES;
				CLANG_WARN_BOOL_CONVERSION = YES;
				CLANG_WARN_CONSTANT_CONVERSION = YES;
				CLANG_WARN_DIRECT_OBJC_ISA_USAGE = YES_ERROR;
				CLANG_WARN_DOCUMENTATION_COMMENTS = YES;
				CLANG_WARN_EMPTY_BODY = YES;
				CLANG_WARN_ENUM_CONVERSION = YES;
				CLANG_WARN_INFINITE_RECURSION = YES;
				CLANG_WARN_INT_CONVERSION = YES;
				CLANG_WARN_OBJC_ROOT_CLASS = YES_ERROR;
				CLANG_WARN_SUSPICIOUS_MOVE = YES;
				CLANG_WARN_UNREACHABLE_CODE = YES;
				CLANG_WARN__DUPLICATE_METHOD_MATCH = YES;
				"CODE_SIGN_IDENTITY[sdk=iphoneos*]" = "iPhone Developer";
				COPY_PHASE_STRIP = NO;
				DEBUG_INFORMATION_FORMAT = "dwarf-with-dsym";
				ENABLE_NS_ASSERTIONS = NO;
				ENABLE_STRICT_OBJC_MSGSEND = YES;
				GCC_C_LANGUAGE_STANDARD = gnu99;
				GCC_NO_COMMON_BLOCKS = YES;
				GCC_WARN_64_TO_32_BIT_CONVERSION = YES;
				GCC_WARN_ABOUT_RETURN_TYPE = YES_ERROR;
				GCC_WARN_UNDECLARED_SELECTOR = YES;
				GCC_WARN_UNINITIALIZED_AUTOS = YES_AGGRESSIVE;
				GCC_WARN_UNUSED_FUNCTION = YES;
				GCC_WARN_UNUSED_VARIABLE = YES;
				IPHONEOS_DEPLOYMENT_TARGET = 10.2;
				MTL_ENABLE_DEBUG_INFO = NO;
				SDKROOT = iphoneos;
				SWIFT_OPTIMIZATION_LEVEL = "-Owholemodule";
				TARGETED_DEVICE_FAMILY = "1,2";
				VALIDATE_PRODUCT = YES;
			};
			name = Release;
		};
		32099CE61E8DA29A0001F5C0 /* Debug */ = {
			isa = XCBuildConfiguration;
			baseConfigurationReference = E9B65230A33F1E856BCA3065 /* Pods-myFaultReporter.debug.xcconfig */;
			buildSettings = {
				ASSETCATALOG_COMPILER_APPICON_NAME = AppIcon;
				CLANG_ENABLE_MODULES = YES;
				CODE_SIGN_IDENTITY = "iPhone Developer";
				"CODE_SIGN_IDENTITY[sdk=iphoneos*]" = "iPhone Developer";
				DEVELOPMENT_TEAM = 8N5N659ZB9;
				INFOPLIST_FILE = myFaultReporter/Info.plist;
				LD_RUNPATH_SEARCH_PATHS = "$(inherited) @executable_path/Frameworks";
				PRODUCT_BUNDLE_IDENTIFIER = com.hiddenplatform.myFaultReporter;
				PRODUCT_NAME = "$(TARGET_NAME)";
				SWIFT_OBJC_BRIDGING_HEADER = "myFaultReporter/myFaultReporter-Bridging-Header.h";
				SWIFT_OPTIMIZATION_LEVEL = "-Onone";
				SWIFT_VERSION = 3.0;
			};
			name = Debug;
		};
		32099CE71E8DA29A0001F5C0 /* Release */ = {
			isa = XCBuildConfiguration;
			baseConfigurationReference = F9A2EBF146FEF7DA5EB5E49C /* Pods-myFaultReporter.release.xcconfig */;
			buildSettings = {
				ASSETCATALOG_COMPILER_APPICON_NAME = AppIcon;
				CLANG_ENABLE_MODULES = YES;
				CODE_SIGN_IDENTITY = "iPhone Developer";
				"CODE_SIGN_IDENTITY[sdk=iphoneos*]" = "iPhone Developer";
				DEVELOPMENT_TEAM = 8N5N659ZB9;
				INFOPLIST_FILE = myFaultReporter/Info.plist;
				LD_RUNPATH_SEARCH_PATHS = "$(inherited) @executable_path/Frameworks";
				PRODUCT_BUNDLE_IDENTIFIER = com.hiddenplatform.myFaultReporter;
				PRODUCT_NAME = "$(TARGET_NAME)";
				SWIFT_OBJC_BRIDGING_HEADER = "myFaultReporter/myFaultReporter-Bridging-Header.h";
				SWIFT_VERSION = 3.0;
			};
			name = Release;
		};
		32099CE91E8DA29A0001F5C0 /* Debug */ = {
			isa = XCBuildConfiguration;
			baseConfigurationReference = 6CED3A8A61A677DD5C3227DB /* Pods-myFaultReporterTests.debug.xcconfig */;
			buildSettings = {
				ALWAYS_EMBED_SWIFT_STANDARD_LIBRARIES = YES;
				BUNDLE_LOADER = "$(TEST_HOST)";
				INFOPLIST_FILE = myFaultReporterTests/Info.plist;
				LD_RUNPATH_SEARCH_PATHS = "$(inherited) @executable_path/Frameworks @loader_path/Frameworks";
				PRODUCT_BUNDLE_IDENTIFIER = com.hiddenplatform.myFaultReporterTests;
				PRODUCT_NAME = "$(TARGET_NAME)";
				SWIFT_VERSION = 3.0;
				TEST_HOST = "$(BUILT_PRODUCTS_DIR)/myFaultReporter.app/myFaultReporter";
			};
			name = Debug;
		};
		32099CEA1E8DA29A0001F5C0 /* Release */ = {
			isa = XCBuildConfiguration;
			baseConfigurationReference = 94C3F30014B35B2E6C516A8E /* Pods-myFaultReporterTests.release.xcconfig */;
			buildSettings = {
				ALWAYS_EMBED_SWIFT_STANDARD_LIBRARIES = YES;
				BUNDLE_LOADER = "$(TEST_HOST)";
				INFOPLIST_FILE = myFaultReporterTests/Info.plist;
				LD_RUNPATH_SEARCH_PATHS = "$(inherited) @executable_path/Frameworks @loader_path/Frameworks";
				PRODUCT_BUNDLE_IDENTIFIER = com.hiddenplatform.myFaultReporterTests;
				PRODUCT_NAME = "$(TARGET_NAME)";
				SWIFT_VERSION = 3.0;
				TEST_HOST = "$(BUILT_PRODUCTS_DIR)/myFaultReporter.app/myFaultReporter";
			};
			name = Release;
		};
		32099CEC1E8DA29A0001F5C0 /* Debug */ = {
			isa = XCBuildConfiguration;
			baseConfigurationReference = 3EB38621C6EDFC11CFD0A2AB /* Pods-myFaultReporterUITests.debug.xcconfig */;
			buildSettings = {
				ALWAYS_EMBED_SWIFT_STANDARD_LIBRARIES = YES;
				INFOPLIST_FILE = myFaultReporterUITests/Info.plist;
				LD_RUNPATH_SEARCH_PATHS = "$(inherited) @executable_path/Frameworks @loader_path/Frameworks";
				PRODUCT_BUNDLE_IDENTIFIER = com.hiddenplatform.myFaultReporterUITests;
				PRODUCT_NAME = "$(TARGET_NAME)";
				SWIFT_VERSION = 3.0;
				TEST_TARGET_NAME = myFaultReporter;
			};
			name = Debug;
		};
		32099CED1E8DA29A0001F5C0 /* Release */ = {
			isa = XCBuildConfiguration;
			baseConfigurationReference = 7A1A09FB21782955D6C740A2 /* Pods-myFaultReporterUITests.release.xcconfig */;
			buildSettings = {
				ALWAYS_EMBED_SWIFT_STANDARD_LIBRARIES = YES;
				INFOPLIST_FILE = myFaultReporterUITests/Info.plist;
				LD_RUNPATH_SEARCH_PATHS = "$(inherited) @executable_path/Frameworks @loader_path/Frameworks";
				PRODUCT_BUNDLE_IDENTIFIER = com.hiddenplatform.myFaultReporterUITests;
				PRODUCT_NAME = "$(TARGET_NAME)";
				SWIFT_VERSION = 3.0;
				TEST_TARGET_NAME = myFaultReporter;
			};
			name = Release;
		};
/* End XCBuildConfiguration section */

/* Begin XCConfigurationList section */
		32099CB51E8DA2990001F5C0 /* Build configuration list for PBXProject "myFaultReporter" */ = {
			isa = XCConfigurationList;
			buildConfigurations = (
				32099CE31E8DA29A0001F5C0 /* Debug */,
				32099CE41E8DA29A0001F5C0 /* Release */,
			);
			defaultConfigurationIsVisible = 0;
			defaultConfigurationName = Release;
		};
		32099CE51E8DA29A0001F5C0 /* Build configuration list for PBXNativeTarget "myFaultReporter" */ = {
			isa = XCConfigurationList;
			buildConfigurations = (
				32099CE61E8DA29A0001F5C0 /* Debug */,
				32099CE71E8DA29A0001F5C0 /* Release */,
			);
			defaultConfigurationIsVisible = 0;
			defaultConfigurationName = Release;
		};
		32099CE81E8DA29A0001F5C0 /* Build configuration list for PBXNativeTarget "myFaultReporterTests" */ = {
			isa = XCConfigurationList;
			buildConfigurations = (
				32099CE91E8DA29A0001F5C0 /* Debug */,
				32099CEA1E8DA29A0001F5C0 /* Release */,
			);
			defaultConfigurationIsVisible = 0;
			defaultConfigurationName = Release;
		};
		32099CEB1E8DA29A0001F5C0 /* Build configuration list for PBXNativeTarget "myFaultReporterUITests" */ = {
			isa = XCConfigurationList;
			buildConfigurations = (
				32099CEC1E8DA29A0001F5C0 /* Debug */,
				32099CED1E8DA29A0001F5C0 /* Release */,
			);
			defaultConfigurationIsVisible = 0;
			defaultConfigurationName = Release;
		};
/* End XCConfigurationList section */

/* Begin XCVersionGroup section */
		32099CC41E8DA2990001F5C0 /* myFaultReporter.xcdatamodeld */ = {
			isa = XCVersionGroup;
			children = (
				32099CC51E8DA2990001F5C0 /* myFaultReporter.xcdatamodel */,
			);
			currentVersion = 32099CC51E8DA2990001F5C0 /* myFaultReporter.xcdatamodel */;
			path = myFaultReporter.xcdatamodeld;
			sourceTree = "<group>";
			versionGroupType = wrapper.xcdatamodel;
		};
/* End XCVersionGroup section */
	};
	rootObject = 32099CB21E8DA2990001F5C0 /* Project object */;
}
